
Microsoft Visual Studio Solution File, Format Version 12.00
Project("{FAE04EC0-301F-11D3-BF4B-00C04F79EFBC}") = "WireMockTest", "WireMockTest\WireMockTest.csproj", "{D6BBD833-3262-4422-BD75-C8E7728027A1}"
EndProject
Project("{FAE04EC0-301F-11D3-BF4B-00C04F79EFBC}") = "TestProject", "TestProject\TestProject.csproj", "{14D4ABAE-9107-4216-8505-79166AFA76BB}"
EndProject
Project("{FAE04EC0-301F-11D3-BF4B-00C04F79EFBC}") = "XUnitRunerOverload", "XUnitRunerOverload\XUnitRunerOverload.csproj", "{A01534EA-4B51-4570-B5E4-005E2F8710FD}"
EndProject
Project("{FAE04EC0-301F-11D3-BF4B-00C04F79EFBC}") = "HostedService", "HostedService\HostedService.csproj", "{2B2F3E39-EBAD-4883-A9C9-78EA80AFB64D}"
EndProject
Global
	GlobalSection(SolutionConfigurationPlatforms) = preSolution
		Debug|Any CPU = Debug|Any CPU
		Release|Any CPU = Release|Any CPU
	EndGlobalSection
	GlobalSection(ProjectConfigurationPlatforms) = postSolution
		{D6BBD833-3262-4422-BD75-C8E7728027A1}.Debug|Any CPU.ActiveCfg = Debug|Any CPU
		{D6BBD833-3262-4422-BD75-C8E7728027A1}.Debug|Any CPU.Build.0 = Debug|Any CPU
		{D6BBD833-3262-4422-BD75-C8E7728027A1}.Release|Any CPU.ActiveCfg = Release|Any CPU
		{D6BBD833-3262-4422-BD75-C8E7728027A1}.Release|Any CPU.Build.0 = Release|Any CPU
		{14D4ABAE-9107-4216-8505-79166AFA76BB}.Debug|Any CPU.ActiveCfg = Debug|Any CPU
		{14D4ABAE-9107-4216-8505-79166AFA76BB}.Debug|Any CPU.Build.0 = Debug|Any CPU
		{14D4ABAE-9107-4216-8505-79166AFA76BB}.Release|Any CPU.ActiveCfg = Release|Any CPU
		{14D4ABAE-9107-4216-8505-79166AFA76BB}.Release|Any CPU.Build.0 = Release|Any CPU
		{A01534EA-4B51-4570-B5E4-005E2F8710FD}.Debug|Any CPU.ActiveCfg = Debug|Any CPU
		{A01534EA-4B51-4570-B5E4-005E2F8710FD}.Debug|Any CPU.Build.0 = Debug|Any CPU
		{A01534EA-4B51-4570-B5E4-005E2F8710FD}.Release|Any CPU.ActiveCfg = Release|Any CPU
		{A01534EA-4B51-4570-B5E4-005E2F8710FD}.Release|Any CPU.Build.0 = Release|Any CPU
		{2B2F3E39-EBAD-4883-A9C9-78EA80AFB64D}.Debug|Any CPU.ActiveCfg = Debug|Any CPU
		{2B2F3E39-EBAD-4883-A9C9-78EA80AFB64D}.Debug|Any CPU.Build.0 = Debug|Any CPU
		{2B2F3E39-EBAD-4883-A9C9-78EA80AFB64D}.Release|Any CPU.ActiveCfg = Release|Any CPU
		{2B2F3E39-EBAD-4883-A9C9-78EA80AFB64D}.Release|Any CPU.Build.0 = Release|Any CPU
	EndGlobalSection
EndGlobal
